
Microsoft Visual Studio Solution File, Format Version 12.00
# Visual Studio Version 17
VisualStudioVersion = 17.0.31903.59
MinimumVisualStudioVersion = 10.0.40219.1
Project("{FAE04EC0-301F-11D3-BF4B-00C04F79EFBC}") = "GedBlazor", "GedBlazor\GedBlazor.csproj", "{3B0FE75F-CB61-480E-BF01-371DA38C8F03}"
EndProject
Project("{FAE04EC0-301F-11D3-BF4B-00C04F79EFBC}") = "GedBlazor.Tests", "GedBlazor.Tests\GedBlazor.Tests.csproj", "{11C72B4F-DB72-497B-AE6D-6224A9A8E60C}"
EndProject
Global
	GlobalSection(SolutionConfigurationPlatforms) = preSolution
		Debug|Any CPU = Debug|Any CPU
		Release|Any CPU = Release|Any CPU
	EndGlobalSection
	GlobalSection(SolutionProperties) = preSolution
		HideSolutionNode = FALSE
	EndGlobalSection
	GlobalSection(ProjectConfigurationPlatforms) = postSolution
		{3B0FE75F-CB61-480E-BF01-371DA38C8F03}.Debug|Any CPU.ActiveCfg = Debug|Any CPU
		{3B0FE75F-CB61-480E-BF01-371DA38C8F03}.Debug|Any CPU.Build.0 = Debug|Any CPU
		{3B0FE75F-CB61-480E-BF01-371DA38C8F03}.Release|Any CPU.ActiveCfg = Release|Any CPU
		{3B0FE75F-CB61-480E-BF01-371DA38C8F03}.Release|Any CPU.Build.0 = Release|Any CPU
		{11C72B4F-DB72-497B-AE6D-6224A9A8E60C}.Debug|Any CPU.ActiveCfg = Debug|Any CPU
		{11C72B4F-DB72-497B-AE6D-6224A9A8E60C}.Debug|Any CPU.Build.0 = Debug|Any CPU
		{11C72B4F-DB72-497B-AE6D-6224A9A8E60C}.Release|Any CPU.ActiveCfg = Release|Any CPU
		{11C72B4F-DB72-497B-AE6D-6224A9A8E60C}.Release|Any CPU.Build.0 = Release|Any CPU
	EndGlobalSection
EndGlobal
